// !$*UTF8*$!
{
	archiveVersion = 1;
	classes = {
	};
	objectVersion = 46;
	objects = {

/* Begin PBXBuildFile section */
		84FA1C661ADCB20D003E89C9 /* main.m in Sources */ = {isa = PBXBuildFile; fileRef = 84FA1C651ADCB20D003E89C9 /* main.m */; };
		84FA1C691ADCB20D003E89C9 /* AppDelegate.m in Sources */ = {isa = PBXBuildFile; fileRef = 84FA1C681ADCB20D003E89C9 /* AppDelegate.m */; };
		84FA1C6C1ADCB20D003E89C9 /* ViewController.m in Sources */ = {isa = PBXBuildFile; fileRef = 84FA1C6B1ADCB20D003E89C9 /* ViewController.m */; };
		84FA1C6F1ADCB20D003E89C9 /* Main.storyboard in Resources */ = {isa = PBXBuildFile; fileRef = 84FA1C6D1ADCB20D003E89C9 /* Main.storyboard */; };
		84FA1C711ADCB20D003E89C9 /* Images.xcassets in Resources */ = {isa = PBXBuildFile; fileRef = 84FA1C701ADCB20D003E89C9 /* Images.xcassets */; };
		84FA1C741ADCB20D003E89C9 /* LaunchScreen.xib in Resources */ = {isa = PBXBuildFile; fileRef = 84FA1C721ADCB20D003E89C9 /* LaunchScreen.xib */; };
		84FA1C801ADCB20E003E89C9 /* FYPopAnimationTests.m in Sources */ = {isa = PBXBuildFile; fileRef = 84FA1C7F1ADCB20E003E89C9 /* FYPopAnimationTests.m */; };
/* End PBXBuildFile section */

/* Begin PBXContainerItemProxy section */
		84FA1C7A1ADCB20E003E89C9 /* PBXContainerItemProxy */ = {
			isa = PBXContainerItemProxy;
			containerPortal = 84FA1C581ADCB20D003E89C9 /* Project object */;
			proxyType = 1;
			remoteGlobalIDString = 84FA1C5F1ADCB20D003E89C9;
			remoteInfo = FYPopAnimation;
		};
/* End PBXContainerItemProxy section */

/* Begin PBXFileReference section */
		84FA1C601ADCB20D003E89C9 /* FYPopAnimation.app */ = {isa = PBXFileReference; explicitFileType = wrapper.application; includeInIndex = 0; path = FYPopAnimation.app; sourceTree = BUILT_PRODUCTS_DIR; };
		84FA1C641ADCB20D003E89C9 /* Info.plist */ = {isa = PBXFileReference; lastKnownFileType = text.plist.xml; path = Info.plist; sourceTree = "<group>"; };
		84FA1C651ADCB20D003E89C9 /* main.m */ = {isa = PBXFileReference; lastKnownFileType = sourcecode.c.objc; path = main.m; sourceTree = "<group>"; };
		84FA1C671ADCB20D003E89C9 /* AppDelegate.h */ = {isa = PBXFileReference; lastKnownFileType = sourcecode.c.h; path = AppDelegate.h; sourceTree = "<group>"; };
		84FA1C681ADCB20D003E89C9 /* AppDelegate.m */ = {isa = PBXFileReference; lastKnownFileType = sourcecode.c.objc; path = AppDelegate.m; sourceTree = "<group>"; };
		84FA1C6A1ADCB20D003E89C9 /* ViewController.h */ = {isa = PBXFileReference; lastKnownFileType = sourcecode.c.h; path = ViewController.h; sourceTree = "<group>"; };
		84FA1C6B1ADCB20D003E89C9 /* ViewController.m */ = {isa = PBXFileReference; lastKnownFileType = sourcecode.c.objc; path = ViewController.m; sourceTree = "<group>"; };
		84FA1C6E1ADCB20D003E89C9 /* Base */ = {isa = PBXFileReference; lastKnownFileType = file.storyboard; name = Base; path = Base.lproj/Main.storyboard; sourceTree = "<group>"; };
		84FA1C701ADCB20D003E89C9 /* Images.xcassets */ = {isa = PBXFileReference; lastKnownFileType = folder.assetcatalog; path = Images.xcassets; sourceTree = "<group>"; };
		84FA1C731ADCB20D003E89C9 /* Base */ = {isa = PBXFileReference; lastKnownFileType = file.xib; name = Base; path = Base.lproj/LaunchScreen.xib; sourceTree = "<group>"; };
		84FA1C791ADCB20E003E89C9 /* FYPopAnimationTests.xctest */ = {isa = PBXFileReference; explicitFileType = wrapper.cfbundle; includeInIndex = 0; path = FYPopAnimationTests.xctest; sourceTree = BUILT_PRODUCTS_DIR; };
		84FA1C7E1ADCB20E003E89C9 /* Info.plist */ = {isa = PBXFileReference; lastKnownFileType = text.plist.xml; path = Info.plist; sourceTree = "<group>"; };
		84FA1C7F1ADCB20E003E89C9 /* FYPopAnimationTests.m */ = {isa = PBXFileReference; lastKnownFileType = sourcecode.c.objc; path = FYPopAnimationTests.m; sourceTree = "<group>"; };
/* End PBXFileReference section */

/* Begin PBXFrameworksBuildPhase section */
		84FA1C5D1ADCB20D003E89C9 /* Frameworks */ = {
			isa = PBXFrameworksBuildPhase;
			buildActionMask = 2147483647;
			files = (
			);
			runOnlyForDeploymentPostprocessing = 0;
		};
		84FA1C761ADCB20E003E89C9 /* Frameworks */ = {
			isa = PBXFrameworksBuildPhase;
			buildActionMask = 2147483647;
			files = (
			);
			runOnlyForDeploymentPostprocessing = 0;
		};
/* End PBXFrameworksBuildPhase section */

/* Begin PBXGroup section */
		84FA1C571ADCB20D003E89C9 = {
			isa = PBXGroup;
			children = (
				84FA1C621ADCB20D003E89C9 /* FYPopAnimation */,
				84FA1C7C1ADCB20E003E89C9 /* FYPopAnimationTests */,
				84FA1C611ADCB20D003E89C9 /* Products */,
			);
			sourceTree = "<group>";
		};
		84FA1C611ADCB20D003E89C9 /* Products */ = {
			isa = PBXGroup;
			children = (
				84FA1C601ADCB20D003E89C9 /* FYPopAnimation.app */,
				84FA1C791ADCB20E003E89C9 /* FYPopAnimationTests.xctest */,
			);
			name = Products;
			sourceTree = "<group>";
		};
		84FA1C621ADCB20D003E89C9 /* FYPopAnimation */ = {
			isa = PBXGroup;
			children = (
				84FA1C671ADCB20D003E89C9 /* AppDelegate.h */,
				84FA1C681ADCB20D003E89C9 /* AppDelegate.m */,
				84FA1C6A1ADCB20D003E89C9 /* ViewController.h */,
				84FA1C6B1ADCB20D003E89C9 /* ViewController.m */,
				84FA1C6D1ADCB20D003E89C9 /* Main.storyboard */,
				84FA1C701ADCB20D003E89C9 /* Images.xcassets */,
				84FA1C721ADCB20D003E89C9 /* LaunchScreen.xib */,
				84FA1C631ADCB20D003E89C9 /* Supporting Files */,
			);
			path = FYPopAnimation;
			sourceTree = "<group>";
		};
		84FA1C631ADCB20D003E89C9 /* Supporting Files */ = {
			isa = PBXGroup;
			children = (
				84FA1C641ADCB20D003E89C9 /* Info.plist */,
				84FA1C651ADCB20D003E89C9 /* main.m */,
			);
			name = "Supporting Files";
			sourceTree = "<group>";
		};
		84FA1C7C1ADCB20E003E89C9 /* FYPopAnimationTests */ = {
			isa = PBXGroup;
			children = (
				84FA1C7F1ADCB20E003E89C9 /* FYPopAnimationTests.m */,
				84FA1C7D1ADCB20E003E89C9 /* Supporting Files */,
			);
			path = FYPopAnimationTests;
			sourceTree = "<group>";
		};
		84FA1C7D1ADCB20E003E89C9 /* Supporting Files */ = {
			isa = PBXGroup;
			children = (
				84FA1C7E1ADCB20E003E89C9 /* Info.plist */,
			);
			name = "Supporting Files";
			sourceTree = "<group>";
		};
/* End PBXGroup section */

/* Begin PBXNativeTarget section */
		84FA1C5F1ADCB20D003E89C9 /* FYPopAnimation */ = {
			isa = PBXNativeTarget;
			buildConfigurationList = 84FA1C831ADCB20E003E89C9 /* Build configuration list for PBXNativeTarget "FYPopAnimation" */;
			buildPhases = (
				84FA1C5C1ADCB20D003E89C9 /* Sources */,
				84FA1C5D1ADCB20D003E89C9 /* Frameworks */,
				84FA1C5E1ADCB20D003E89C9 /* Resources */,
			);
			buildRules = (
			);
			dependencies = (
			);
			name = FYPopAnimation;
			productName = FYPopAnimation;
			productReference = 84FA1C601ADCB20D003E89C9 /* FYPopAnimation.app */;
			productType = "com.apple.product-type.application";
		};
		84FA1C781ADCB20E003E89C9 /* FYPopAnimationTests */ = {
			isa = PBXNativeTarget;
			buildConfigurationList = 84FA1C861ADCB20E003E89C9 /* Build configuration list for PBXNativeTarget "FYPopAnimationTests" */;
			buildPhases = (
				84FA1C751ADCB20E003E89C9 /* Sources */,
				84FA1C761ADCB20E003E89C9 /* Frameworks */,
				84FA1C771ADCB20E003E89C9 /* Resources */,
			);
			buildRules = (
			);
			dependencies = (
				84FA1C7B1ADCB20E003E89C9 /* PBXTargetDependency */,
			);
			name = FYPopAnimationTests;
			productName = FYPopAnimationTests;
			productReference = 84FA1C791ADCB20E003E89C9 /* FYPopAnimationTests.xctest */;
			productType = "com.apple.product-type.bundle.unit-test";
		};
/* End PBXNativeTarget section */

/* Begin PBXProject section */
		84FA1C581ADCB20D003E89C9 /* Project object */ = {
			isa = PBXProject;
			attributes = {
				LastUpgradeCheck = 0610;
				ORGANIZATIONNAME = NJJ;
				TargetAttributes = {
					84FA1C5F1ADCB20D003E89C9 = {
						CreatedOnToolsVersion = 6.1;
					};
					84FA1C781ADCB20E003E89C9 = {
						CreatedOnToolsVersion = 6.1;
						TestTargetID = 84FA1C5F1ADCB20D003E89C9;
					};
				};
			};
			buildConfigurationList = 84FA1C5B1ADCB20D003E89C9 /* Build configuration list for PBXProject "FYPopAnimation" */;
			compatibilityVersion = "Xcode 3.2";
			developmentRegion = English;
			hasScannedForEncodings = 0;
			knownRegions = (
				en,
				Base,
			);
			mainGroup = 84FA1C571ADCB20D003E89C9;
			productRefGroup = 84FA1C611ADCB20D003E89C9 /* Products */;
			projectDirPath = "";
			projectRoot = "";
			targets = (
				84FA1C5F1ADCB20D003E89C9 /* FYPopAnimation */,
				84FA1C781ADCB20E003E89C9 /* FYPopAnimationTests */,
			);
		};
/* End PBXProject section */

/* Begin PBXResourcesBuildPhase section */
		84FA1C5E1ADCB20D003E89C9 /* Resources */ = {
			isa = PBXResourcesBuildPhase;
			buildActionMask = 2147483647;
			files = (
				84FA1C6F1ADCB20D003E89C9 /* Main.storyboard in Resources */,
				84FA1C741ADCB20D003E89C9 /* LaunchScreen.xib in Resources */,
				84FA1C711ADCB20D003E89C9 /* Images.xcassets in Resources */,
			);
			runOnlyForDeploymentPostprocessing = 0;
		};
		84FA1C771ADCB20E003E89C9 /* Resources */ = {
			isa = PBXResourcesBuildPhase;
			buildActionMask = 2147483647;
			files = (
			);
			runOnlyForDeploymentPostprocessing = 0;
		};
/* End PBXResourcesBuildPhase section */

/* Begin PBXSourcesBuildPhase section */
		84FA1C5C1ADCB20D003E89C9 /* Sources */ = {
			isa = PBXSourcesBuildPhase;
			buildActionMask = 2147483647;
			files = (
				84FA1C6C1ADCB20D003E89C9 /* ViewController.m in Sources */,
				84FA1C691ADCB20D003E89C9 /* AppDelegate.m in Sources */,
				84FA1C661ADCB20D003E89C9 /* main.m in Sources */,
			);
			runOnlyForDeploymentPostprocessing = 0;
		};
		84FA1C751ADCB20E003E89C9 /* Sources */ = {
			isa = PBXSourcesBuildPhase;
			buildActionMask = 2147483647;
			files = (
				84FA1C801ADCB20E003E89C9 /* FYPopAnimationTests.m in Sources */,
			);
			runOnlyForDeploymentPostprocessing = 0;
		};
/* End PBXSourcesBuildPhase section */

/* Begin PBXTargetDependency section */
		84FA1C7B1ADCB20E003E89C9 /* PBXTargetDependency */ = {
			isa = PBXTargetDependency;
			target = 84FA1C5F1ADCB20D003E89C9 /* FYPopAnimation */;
			targetProxy = 84FA1C7A1ADCB20E003E89C9 /* PBXContainerItemProxy */;
		};
/* End PBXTargetDependency section */

/* Begin PBXVariantGroup section */
		84FA1C6D1ADCB20D003E89C9 /* Main.storyboard */ = {
			isa = PBXVariantGroup;
			children = (
				84FA1C6E1ADCB20D003E89C9 /* Base */,
			);
			name = Main.storyboard;
			sourceTree = "<group>";
		};
		84FA1C721ADCB20D003E89C9 /* LaunchScreen.xib */ = {
			isa = PBXVariantGroup;
			children = (
				84FA1C731ADCB20D003E89C9 /* Base */,
			);
			name = LaunchScreen.xib;
			sourceTree = "<group>";
		};
/* End PBXVariantGroup section */

/* Begin XCBuildConfiguration section */
		84FA1C811ADCB20E003E89C9 /* Debug */ = {
			isa = XCBuildConfiguration;
			buildSettings = {
				ALWAYS_SEARCH_USER_PATHS = NO;
				CLANG_CXX_LANGUAGE_STANDARD = "gnu++0x";
				CLANG_CXX_LIBRARY = "libc++";
				CLANG_ENABLE_MODULES = YES;
				CLANG_ENABLE_OBJC_ARC = YES;
				CLANG_WARN_BOOL_CONVERSION = YES;
				CLANG_WARN_CONSTANT_CONVERSION = YES;
				CLANG_WARN_DIRECT_OBJC_ISA_USAGE = YES_ERROR;
				CLANG_WARN_EMPTY_BODY = YES;
				CLANG_WARN_ENUM_CONVERSION = YES;
				CLANG_WARN_INT_CONVERSION = YES;
				CLANG_WARN_OBJC_ROOT_CLASS = YES_ERROR;
				CLANG_WARN_UNREACHABLE_CODE = YES;
				CLANG_WARN__DUPLICATE_METHOD_MATCH = YES;
				"CODE_SIGN_IDENTITY[sdk=iphoneos*]" = "iPhone Developer";
				COPY_PHASE_STRIP = NO;
				ENABLE_STRICT_OBJC_MSGSEND = YES;
				GCC_C_LANGUAGE_STANDARD = gnu99;
				GCC_DYNAMIC_NO_PIC = NO;
				GCC_OPTIMIZATION_LEVEL = 0;
				GCC_PREPROCESSOR_DEFINITIONS = (
					"DEBUG=1",
					"$(inherited)",
				);
				GCC_SYMBOLS_PRIVATE_EXTERN = NO;
				GCC_WARN_64_TO_32_BIT_CONVERSION = YES;
				GCC_WARN_ABOUT_RETURN_TYPE = YES_ERROR;
				GCC_WARN_UNDECLARED_SELECTOR = YES;
				GCC_WARN_UNINITIALIZED_AUTOS = YES_AGGRESSIVE;
				GCC_WARN_UNUSED_FUNCTION = YES;
				GCC_WARN_UNUSED_VARIABLE = YES;
				IPHONEOS_DEPLOYMENT_TARGET = 8.1;
				MTL_ENABLE_DEBUG_INFO = YES;
				ONLY_ACTIVE_ARCH = YES;
				SDKROOT = iphoneos;
			};
			name = Debug;
		};
		84FA1C821ADCB20E003E89C9 /* Release */ = {
			isa = XCBuildConfiguration;
			buildSettings = {
				ALWAYS_SEARCH_USER_PATHS = NO;
				CLANG_CXX_LANGUAGE_STANDARD = "gnu++0x";
				CLANG_CXX_LIBRARY = "libc++";
				CLANG_ENABLE_MODULES = YES;
				CLANG_ENABLE_OBJC_ARC = YES;
				CLANG_WARN_BOOL_CONVERSION = YES;
				CLANG_WARN_CONSTANT_CONVERSION = YES;
				CLANG_WARN_DIRECT_OBJC_ISA_USAGE = YES_ERROR;
				CLANG_WARN_EMPTY_BODY = YES;
				CLANG_WARN_ENUM_CONVERSION = YES;
				CLANG_WARN_INT_CONVERSION = YES;
				CLANG_WARN_OBJC_ROOT_CLASS = YES_ERROR;
				CLANG_WARN_UNREACHABLE_CODE = YES;
				CLANG_WARN__DUPLICATE_METHOD_MATCH = YES;
				"CODE_SIGN_IDENTITY[sdk=iphoneos*]" = "iPhone Developer";
				COPY_PHASE_STRIP = YES;
				ENABLE_NS_ASSERTIONS = NO;
				ENABLE_STRICT_OBJC_MSGSEND = YES;
				GCC_C_LANGUAGE_STANDARD = gnu99;
				GCC_WARN_64_TO_32_BIT_CONVERSION = YES;
				GCC_WARN_ABOUT_RETURN_TYPE = YES_ERROR;
				GCC_WARN_UNDECLARED_SELECTOR = YES;
				GCC_WARN_UNINITIALIZED_AUTOS = YES_AGGRESSIVE;
				GCC_WARN_UNUSED_FUNCTION = YES;
				GCC_WARN_UNUSED_VARIABLE = YES;
				IPHONEOS_DEPLOYMENT_TARGET = 8.1;
				MTL_ENABLE_DEBUG_INFO = NO;
				SDKROOT = iphoneos;
				VALIDATE_PRODUCT = YES;
			};
			name = Release;
		};
		84FA1C841ADCB20E003E89C9 /* Debug */ = {
			isa = XCBuildConfiguration;
			buildSettings = {
				ASSETCATALOG_COMPILER_APPICON_NAME = AppIcon;
				INFOPLIST_FILE = FYPopAnimation/Info.plist;
				LD_RUNPATH_SEARCH_PATHS = "$(inherited) @executable_path/Frameworks";
				PRODUCT_NAME = "$(TARGET_NAME)";
			};
			name = Debug;
		};
		84FA1C851ADCB20E003E89C9 /* Release */ = {
			isa = XCBuildConfiguration;
			buildSettings = {
				ASSETCATALOG_COMPILER_APPICON_NAME = AppIcon;
				INFOPLIST_FILE = FYPopAnimation/Info.plist;
				LD_RUNPATH_SEARCH_PATHS = "$(inherited) @executable_path/Frameworks";
				PRODUCT_NAME = "$(TARGET_NAME)";
			};
			name = Release;
		};
		84FA1C871ADCB20E003E89C9 /* Debug */ = {
			isa = XCBuildConfiguration;
			buildSettings = {
				BUNDLE_LOADER = "$(TEST_HOST)";
				FRAMEWORK_SEARCH_PATHS = (
					"$(SDKROOT)/Developer/Library/Frameworks",
					"$(inherited)",
				);
				GCC_PREPROCESSOR_DEFINITIONS = (
					"DEBUG=1",
					"$(inherited)",
				);
				INFOPLIST_FILE = FYPopAnimationTests/Info.plist;
				LD_RUNPATH_SEARCH_PATHS = "$(inherited) @executable_path/Frameworks @loader_path/Frameworks";
				PRODUCT_NAME = "$(TARGET_NAME)";
				TEST_HOST = "$(BUILT_PRODUCTS_DIR)/FYPopAnimation.app/FYPopAnimation";
			};
			name = Debug;
		};
		84FA1C881ADCB20E003E89C9 /* Release */ = {
			isa = XCBuildConfiguration;
			buildSettings = {
				BUNDLE_LOADER = "$(TEST_HOST)";
				FRAMEWORK_SEARCH_PATHS = (
					"$(SDKROOT)/Developer/Library/Frameworks",
					"$(inherited)",
				);
				INFOPLIST_FILE = FYPopAnimationTests/Info.plist;
				LD_RUNPATH_SEARCH_PATHS = "$(inherited) @executable_path/Frameworks @loader_path/Frameworks";
				PRODUCT_NAME = "$(TARGET_NAME)";
				TEST_HOST = "$(BUILT_PRODUCTS_DIR)/FYPopAnimation.app/FYPopAnimation";
			};
			name = Release;
		};
/* End XCBuildConfiguration section */

/* Begin XCConfigurationList section */
		84FA1C5B1ADCB20D003E89C9 /* Build configuration list for PBXProject "FYPopAnimation" */ = {
			isa = XCConfigurationList;
			buildConfigurations = (
				84FA1C811ADCB20E003E89C9 /* Debug */,
				84FA1C821ADCB20E003E89C9 /* Release */,
			);
			defaultConfigurationIsVisible = 0;
			defaultConfigurationName = Release;
		};
		84FA1C831ADCB20E003E89C9 /* Build configuration list for PBXNativeTarget "FYPopAnimation" */ = {
			isa = XCConfigurationList;
			buildConfigurations = (
				84FA1C841ADCB20E003E89C9 /* Debug */,
				84FA1C851ADCB20E003E89C9 /* Release */,
			);
			defaultConfigurationIsVisible = 0;
		};
		84FA1C861ADCB20E003E89C9 /* Build configuration list for PBXNativeTarget "FYPopAnimationTests" */ = {
			isa = XCConfigurationList;
			buildConfigurations = (
				84FA1C871ADCB20E003E89C9 /* Debug */,
				84FA1C881ADCB20E003E89C9 /* Release */,
			);
			defaultConfigurationIsVisible = 0;
		};
/* End XCConfigurationList section */
	};
	rootObject = 84FA1C581ADCB20D003E89C9 /* Project object */;
}
